
Microsoft Visual Studio Solution File, Format Version 12.00
# Visual Studio Version 17
VisualStudioVersion = 17.8.34408.163
MinimumVisualStudioVersion = 10.0.40219.1
Project("{FAE04EC0-301F-11D3-BF4B-00C04F79EFBC}") = "Midterm_software", "Midterm_software\Midterm_software.csproj", "{6A9D0F6F-DC68-4039-B02B-513B792D651B}"
EndProject
Global
	GlobalSection(SolutionConfigurationPlatforms) = preSolution
		Debug|Any CPU = Debug|Any CPU
		Release|Any CPU = Release|Any CPU
	EndGlobalSection
	GlobalSection(ProjectConfigurationPlatforms) = postSolution
		{6A9D0F6F-DC68-4039-B02B-513B792D651B}.Debug|Any CPU.ActiveCfg = Debug|Any CPU
		{6A9D0F6F-DC68-4039-B02B-513B792D651B}.Debug|Any CPU.Build.0 = Debug|Any CPU
		{6A9D0F6F-DC68-4039-B02B-513B792D651B}.Release|Any CPU.ActiveCfg = Release|Any CPU
		{6A9D0F6F-DC68-4039-B02B-513B792D651B}.Release|Any CPU.Build.0 = Release|Any CPU
	EndGlobalSection
	GlobalSection(SolutionProperties) = preSolution
		HideSolutionNode = FALSE
	EndGlobalSection
	GlobalSection(ExtensibilityGlobals) = postSolution
		SolutionGuid = {1CCE7F11-A7D3-450E-A63F-2D20EFA43D42}
	EndGlobalSection
EndGlobal
